
Microsoft Visual Studio Solution File, Format Version 12.00
# Visual Studio 15
VisualStudioVersion = 15.0.27703.2000
MinimumVisualStudioVersion = 10.0.40219.1
Project("{9A19103F-16F7-4668-BE54-9A1E7A4F7556}") = "ParqueaderoApi", "ParqueaderoApi\ParqueaderoApi.csproj", "{2C8859EF-0F27-4A53-8772-7AFF76524560}"
EndProject
Project("{9A19103F-16F7-4668-BE54-9A1E7A4F7556}") = "BusinessLayer", "BusinessLayer\BusinessLayer.csproj", "{F272EC4C-87F7-44EE-92AC-2335A0F8B65F}"
EndProject
Project("{9A19103F-16F7-4668-BE54-9A1E7A4F7556}") = "DataAccess", "DataAccess\DataAccess.csproj", "{A7A12266-B3AE-4789-965A-8F098FD475C5}"
EndProject
Project("{9A19103F-16F7-4668-BE54-9A1E7A4F7556}") = "Test.IntegrationTest", "Test.IntegrationTest\Test.IntegrationTest.csproj", "{FAB38FD4-8615-42C0-AB0E-6EE6234EFFFE}"
EndProject
Project("{9A19103F-16F7-4668-BE54-9A1E7A4F7556}") = "Tests", "Tests\Tests.csproj", "{29E2AC06-F272-4396-8030-58C546C48B39}"
EndProject
Global
	GlobalSection(SolutionConfigurationPlatforms) = preSolution
		Debug|Any CPU = Debug|Any CPU
		Release|Any CPU = Release|Any CPU
	EndGlobalSection
	GlobalSection(ProjectConfigurationPlatforms) = postSolution
		{2C8859EF-0F27-4A53-8772-7AFF76524560}.Debug|Any CPU.ActiveCfg = Debug|Any CPU
		{2C8859EF-0F27-4A53-8772-7AFF76524560}.Debug|Any CPU.Build.0 = Debug|Any CPU
		{2C8859EF-0F27-4A53-8772-7AFF76524560}.Release|Any CPU.ActiveCfg = Release|Any CPU
		{2C8859EF-0F27-4A53-8772-7AFF76524560}.Release|Any CPU.Build.0 = Release|Any CPU
		{F272EC4C-87F7-44EE-92AC-2335A0F8B65F}.Debug|Any CPU.ActiveCfg = Debug|Any CPU
		{F272EC4C-87F7-44EE-92AC-2335A0F8B65F}.Debug|Any CPU.Build.0 = Debug|Any CPU
		{F272EC4C-87F7-44EE-92AC-2335A0F8B65F}.Release|Any CPU.ActiveCfg = Release|Any CPU
		{F272EC4C-87F7-44EE-92AC-2335A0F8B65F}.Release|Any CPU.Build.0 = Release|Any CPU
		{A7A12266-B3AE-4789-965A-8F098FD475C5}.Debug|Any CPU.ActiveCfg = Debug|Any CPU
		{A7A12266-B3AE-4789-965A-8F098FD475C5}.Debug|Any CPU.Build.0 = Debug|Any CPU
		{A7A12266-B3AE-4789-965A-8F098FD475C5}.Release|Any CPU.ActiveCfg = Release|Any CPU
		{A7A12266-B3AE-4789-965A-8F098FD475C5}.Release|Any CPU.Build.0 = Release|Any CPU
		{FAB38FD4-8615-42C0-AB0E-6EE6234EFFFE}.Debug|Any CPU.ActiveCfg = Debug|Any CPU
		{FAB38FD4-8615-42C0-AB0E-6EE6234EFFFE}.Debug|Any CPU.Build.0 = Debug|Any CPU
		{FAB38FD4-8615-42C0-AB0E-6EE6234EFFFE}.Release|Any CPU.ActiveCfg = Release|Any CPU
		{FAB38FD4-8615-42C0-AB0E-6EE6234EFFFE}.Release|Any CPU.Build.0 = Release|Any CPU
		{29E2AC06-F272-4396-8030-58C546C48B39}.Debug|Any CPU.ActiveCfg = Debug|Any CPU
		{29E2AC06-F272-4396-8030-58C546C48B39}.Debug|Any CPU.Build.0 = Debug|Any CPU
		{29E2AC06-F272-4396-8030-58C546C48B39}.Release|Any CPU.ActiveCfg = Release|Any CPU
		{29E2AC06-F272-4396-8030-58C546C48B39}.Release|Any CPU.Build.0 = Release|Any CPU
	EndGlobalSection
	GlobalSection(SolutionProperties) = preSolution
		HideSolutionNode = FALSE
	EndGlobalSection
	GlobalSection(ExtensibilityGlobals) = postSolution
		SolutionGuid = {5FC04FC6-00B4-4A8F-828C-FC33AAEDBF9E}
	EndGlobalSection
EndGlobal
